PODS:
  - Bytedance-UnionAD (2.9.0.1)
  - MBProgressHUD (1.2.0)
  - MJExtension (3.2.2)
  - YYKit (1.0.9):
    - YYKit/no-arc (= 1.0.9)
  - YYKit/no-arc (1.0.9)

DEPENDENCIES:
  - Bytedance-UnionAD
  - MBProgressHUD
  - MJExtension
  - YYKit

SPEC REPOS:
  trunk:
    - Bytedance-UnionAD
    - MBProgressHUD
    - MJExtension
    - YYKit

SPEC CHECKSUMS:
  Bytedance-UnionAD: e145f7e98e5a714332d7d31e764696e569483755
  MBProgressHUD: 3ee5efcc380f6a79a7cc9b363dd669c5e1ae7406
  MJExtension: d9b9c74cbdeb724c1e9ecbb157b318276e62e876
  YYKit: 7cda43304a8dc3696c449041e2cb3107b4e236e7

PODFILE CHECKSUM: 6ad31071d64d69c08598cfd9fc09c6eaa9853c6d

COCOAPODS: 1.10.0
